
Microsoft Visual Studio Solution File, Format Version 12.00
# Visual Studio Version 17
VisualStudioVersion = 17.8.34316.72
MinimumVisualStudioVersion = 10.0.40219.1
Project("{FAE04EC0-301F-11D3-BF4B-00C04F79EFBC}") = "PhoneBook2", "PhoneBook2\PhoneBook2.csproj", "{A0D2AD66-38AB-41C6-A22A-9EF126A87349}"
EndProject
Global
	GlobalSection(SolutionConfigurationPlatforms) = preSolution
		Debug|Any CPU = Debug|Any CPU
		Release|Any CPU = Release|Any CPU
	EndGlobalSection
	GlobalSection(ProjectConfigurationPlatforms) = postSolution
		{A0D2AD66-38AB-41C6-A22A-9EF126A87349}.Debug|Any CPU.ActiveCfg = Debug|Any CPU
		{A0D2AD66-38AB-41C6-A22A-9EF126A87349}.Debug|Any CPU.Build.0 = Debug|Any CPU
		{A0D2AD66-38AB-41C6-A22A-9EF126A87349}.Release|Any CPU.ActiveCfg = Release|Any CPU
		{A0D2AD66-38AB-41C6-A22A-9EF126A87349}.Release|Any CPU.Build.0 = Release|Any CPU
	EndGlobalSection
	GlobalSection(SolutionProperties) = preSolution
		HideSolutionNode = FALSE
	EndGlobalSection
	GlobalSection(ExtensibilityGlobals) = postSolution
		SolutionGuid = {59608F1E-4486-48CF-95DF-97ADCB6C45A7}
	EndGlobalSection
EndGlobal
