
Microsoft Visual Studio Solution File, Format Version 12.00
# Visual Studio Version 17
VisualStudioVersion = 17.8.34316.72
MinimumVisualStudioVersion = 10.0.40219.1
Project("{FAE04EC0-301F-11D3-BF4B-00C04F79EFBC}") = "TaxCalc2", "TaxCalc2\TaxCalc2.csproj", "{867381A0-6DB3-4118-BEF4-5A4E06C086D1}"
EndProject
Global
	GlobalSection(SolutionConfigurationPlatforms) = preSolution
		Debug|Any CPU = Debug|Any CPU
		Release|Any CPU = Release|Any CPU
	EndGlobalSection
	GlobalSection(ProjectConfigurationPlatforms) = postSolution
		{867381A0-6DB3-4118-BEF4-5A4E06C086D1}.Debug|Any CPU.ActiveCfg = Debug|Any CPU
		{867381A0-6DB3-4118-BEF4-5A4E06C086D1}.Debug|Any CPU.Build.0 = Debug|Any CPU
		{867381A0-6DB3-4118-BEF4-5A4E06C086D1}.Release|Any CPU.ActiveCfg = Release|Any CPU
		{867381A0-6DB3-4118-BEF4-5A4E06C086D1}.Release|Any CPU.Build.0 = Release|Any CPU
	EndGlobalSection
	GlobalSection(SolutionProperties) = preSolution
		HideSolutionNode = FALSE
	EndGlobalSection
	GlobalSection(ExtensibilityGlobals) = postSolution
		SolutionGuid = {FB04A86C-45F0-4A55-8E19-6622BFBDAEBE}
	EndGlobalSection
EndGlobal
